
Microsoft Visual Studio Solution File, Format Version 12.00
# Visual Studio Version 16
VisualStudioVersion = 16.0.31729.503
MinimumVisualStudioVersion = 10.0.40219.1
Project("{FAE04EC0-301F-11D3-BF4B-00C04F79EFBC}") = "SpotifyAnalysis", "SpotifyAnalysis\SpotifyAnalysis.csproj", "{76475D96-4109-41A8-86EB-32BBB5D5D600}"
EndProject
Global
	GlobalSection(SolutionConfigurationPlatforms) = preSolution
		Debug|Any CPU = Debug|Any CPU
		Release|Any CPU = Release|Any CPU
	EndGlobalSection
	GlobalSection(ProjectConfigurationPlatforms) = postSolution
		{76475D96-4109-41A8-86EB-32BBB5D5D600}.Debug|Any CPU.ActiveCfg = Debug|Any CPU
		{76475D96-4109-41A8-86EB-32BBB5D5D600}.Debug|Any CPU.Build.0 = Debug|Any CPU
		{76475D96-4109-41A8-86EB-32BBB5D5D600}.Release|Any CPU.ActiveCfg = Release|Any CPU
		{76475D96-4109-41A8-86EB-32BBB5D5D600}.Release|Any CPU.Build.0 = Release|Any CPU
	EndGlobalSection
	GlobalSection(SolutionProperties) = preSolution
		HideSolutionNode = FALSE
	EndGlobalSection
	GlobalSection(ExtensibilityGlobals) = postSolution
		SolutionGuid = {BC2CB4A6-C5D8-4BFF-9FF4-750942A07CBD}
	EndGlobalSection
EndGlobal
